{
  "name": "miniprogram",
  "version": "1.0.0",
  "lockfileVersion": 3,
  "requires": true,
  "packages": {
    "": {
      "name": "miniprogram",
      "version": "1.0.0",
      "license": "ISC",
      "dependencies": {
        "tdesign-miniprogram": "^1.13.2"
      }
    },
    "node_modules/tdesign-miniprogram": {
      "version": "1.13.2",
      "resolved": "https://registry.npmjs.org/tdesign-miniprogram/-/tdesign-miniprogram-1.13.2.tgz",
      "integrity": "sha512-d6kth6wGChny1zGLsswBVCJz1V2Xb7F9NdAQOLRK0tMWuIrPMS6Wm9D19WOhuFECM/ZfTPe1ClmObwrk7/ftwg==",
      "license": "MIT"
    }
  }
}
